
Microsoft Visual Studio Solution File, Format Version 12.00
# Visual Studio Version 17
VisualStudioVersion = 17.5.33530.505
MinimumVisualStudioVersion = 10.0.40219.1
Project("{FAE04EC0-301F-11D3-BF4B-00C04F79EFBC}") = "RQPlayer", "RQPlayer.csproj", "{79F45A58-E2AB-43AF-BF79-777D10E407B1}"
EndProject
Global
	GlobalSection(SolutionConfigurationPlatforms) = preSolution
		Debug|Any CPU = Debug|Any CPU
		Release|Any CPU = Release|Any CPU
	EndGlobalSection
	GlobalSection(ProjectConfigurationPlatforms) = postSolution
		{79F45A58-E2AB-43AF-BF79-777D10E407B1}.Debug|Any CPU.ActiveCfg = Debug|Any CPU
		{79F45A58-E2AB-43AF-BF79-777D10E407B1}.Debug|Any CPU.Build.0 = Debug|Any CPU
		{79F45A58-E2AB-43AF-BF79-777D10E407B1}.Release|Any CPU.ActiveCfg = Release|Any CPU
		{79F45A58-E2AB-43AF-BF79-777D10E407B1}.Release|Any CPU.Build.0 = Release|Any CPU
	EndGlobalSection
	GlobalSection(SolutionProperties) = preSolution
		HideSolutionNode = FALSE
	EndGlobalSection
	GlobalSection(ExtensibilityGlobals) = postSolution
		SolutionGuid = {8A258BFC-C068-4F6F-87A2-32849A8C880D}
	EndGlobalSection
EndGlobal
